
Microsoft Visual Studio Solution File, Format Version 12.00
# Visual Studio Version 17
VisualStudioVersion = 17.0.31903.59
MinimumVisualStudioVersion = 10.0.40219.1
Project("{2150E333-8FDC-42A3-9474-1A3956D46DE8}") = "src", "src", "{4D53FA3B-F8E6-40F8-B692-53E2D13C7288}"
EndProject
Project("{FAE04EC0-301F-11D3-BF4B-00C04F79EFBC}") = "Ets2Optimizer", "src\Ets2Optimizer\Ets2Optimizer.csproj", "{AF9B4F02-A021-4185-A8D7-3D90A56117A4}"
EndProject
Project("{FAE04EC0-301F-11D3-BF4B-00C04F79EFBC}") = "Ets2Optimizer.Core", "src\Ets2Optimizer.Core\Ets2Optimizer.Core.csproj", "{0B8C8FC7-9B00-42A8-9A38-3005FE66E7E5}"
EndProject
Project("{FAE04EC0-301F-11D3-BF4B-00C04F79EFBC}") = "Ets2Optimizer.Cli", "src\Ets2Optimizer.Cli\Ets2Optimizer.Cli.csproj", "{9B2EF187-CC3D-4172-9A36-DD5EFD2F6741}"
EndProject
Global
	GlobalSection(SolutionConfigurationPlatforms) = preSolution
		Debug|Any CPU = Debug|Any CPU
		Release|Any CPU = Release|Any CPU
	EndGlobalSection
	GlobalSection(SolutionProperties) = preSolution
		HideSolutionNode = FALSE
	EndGlobalSection
	GlobalSection(ProjectConfigurationPlatforms) = postSolution
		{AF9B4F02-A021-4185-A8D7-3D90A56117A4}.Debug|Any CPU.ActiveCfg = Debug|Any CPU
		{AF9B4F02-A021-4185-A8D7-3D90A56117A4}.Debug|Any CPU.Build.0 = Debug|Any CPU
		{AF9B4F02-A021-4185-A8D7-3D90A56117A4}.Release|Any CPU.ActiveCfg = Release|Any CPU
		{AF9B4F02-A021-4185-A8D7-3D90A56117A4}.Release|Any CPU.Build.0 = Release|Any CPU
		{0B8C8FC7-9B00-42A8-9A38-3005FE66E7E5}.Debug|Any CPU.ActiveCfg = Debug|Any CPU
		{0B8C8FC7-9B00-42A8-9A38-3005FE66E7E5}.Debug|Any CPU.Build.0 = Debug|Any CPU
		{0B8C8FC7-9B00-42A8-9A38-3005FE66E7E5}.Release|Any CPU.ActiveCfg = Release|Any CPU
		{0B8C8FC7-9B00-42A8-9A38-3005FE66E7E5}.Release|Any CPU.Build.0 = Release|Any CPU
		{9B2EF187-CC3D-4172-9A36-DD5EFD2F6741}.Debug|Any CPU.ActiveCfg = Debug|x64
		{9B2EF187-CC3D-4172-9A36-DD5EFD2F6741}.Debug|Any CPU.Build.0 = Debug|x64
		{9B2EF187-CC3D-4172-9A36-DD5EFD2F6741}.Release|Any CPU.ActiveCfg = Release|x64
		{9B2EF187-CC3D-4172-9A36-DD5EFD2F6741}.Release|Any CPU.Build.0 = Release|x64
	EndGlobalSection
	GlobalSection(NestedProjects) = preSolution
		{AF9B4F02-A021-4185-A8D7-3D90A56117A4} = {4D53FA3B-F8E6-40F8-B692-53E2D13C7288}
		{0B8C8FC7-9B00-42A8-9A38-3005FE66E7E5} = {4D53FA3B-F8E6-40F8-B692-53E2D13C7288}
		{9B2EF187-CC3D-4172-9A36-DD5EFD2F6741} = {4D53FA3B-F8E6-40F8-B692-53E2D13C7288}
	EndGlobalSection
EndGlobal
